
Microsoft Visual Studio Solution File, Format Version 12.00
# Visual Studio 15
VisualStudioVersion = 15.0.28307.271
MinimumVisualStudioVersion = 10.0.40219.1
Project("{FAE04EC0-301F-11D3-BF4B-00C04F79EFBC}") = "SiliconStepe.Android", "SiliconStepe\SiliconStepe.Android\SiliconStepe.Android.csproj", "{00B9E34B-CD5F-409B-BAFC-4768FF4B686C}"
EndProject
Project("{FAE04EC0-301F-11D3-BF4B-00C04F79EFBC}") = "SiliconStepe.iOS", "SiliconStepe\SiliconStepe.iOS\SiliconStepe.iOS.csproj", "{01610E0F-411F-4FF4-885D-671FCB38F485}"
EndProject
Project("{FAE04EC0-301F-11D3-BF4B-00C04F79EFBC}") = "SiliconStepe", "SiliconStepe\SiliconStepe\SiliconStepe.csproj", "{0A4C6E44-BA29-423F-B60F-2B2109B29491}"
EndProject
Global
	GlobalSection(SolutionConfigurationPlatforms) = preSolution
		Ad-Hoc|Any CPU = Ad-Hoc|Any CPU
		Ad-Hoc|iPhone = Ad-Hoc|iPhone
		Ad-Hoc|iPhoneSimulator = Ad-Hoc|iPhoneSimulator
		AppStore|Any CPU = AppStore|Any CPU
		AppStore|iPhone = AppStore|iPhone
		AppStore|iPhoneSimulator = AppStore|iPhoneSimulator
		Debug|Any CPU = Debug|Any CPU
		Debug|iPhone = Debug|iPhone
		Debug|iPhoneSimulator = Debug|iPhoneSimulator
		Release|Any CPU = Release|Any CPU
		Release|iPhone = Release|iPhone
		Release|iPhoneSimulator = Release|iPhoneSimulator
	EndGlobalSection
	GlobalSection(ProjectConfigurationPlatforms) = postSolution
		{00B9E34B-CD5F-409B-BAFC-4768FF4B686C}.Ad-Hoc|Any CPU.ActiveCfg = Release|Any CPU
		{00B9E34B-CD5F-409B-BAFC-4768FF4B686C}.Ad-Hoc|Any CPU.Build.0 = Release|Any CPU
		{00B9E34B-CD5F-409B-BAFC-4768FF4B686C}.Ad-Hoc|Any CPU.Deploy.0 = Release|Any CPU
		{00B9E34B-CD5F-409B-BAFC-4768FF4B686C}.Ad-Hoc|iPhone.ActiveCfg = Release|Any CPU
		{00B9E34B-CD5F-409B-BAFC-4768FF4B686C}.Ad-Hoc|iPhone.Build.0 = Release|Any CPU
		{00B9E34B-CD5F-409B-BAFC-4768FF4B686C}.Ad-Hoc|iPhone.Deploy.0 = Release|Any CPU
		{00B9E34B-CD5F-409B-BAFC-4768FF4B686C}.Ad-Hoc|iPhoneSimulator.ActiveCfg = Release|Any CPU
		{00B9E34B-CD5F-409B-BAFC-4768FF4B686C}.Ad-Hoc|iPhoneSimulator.Build.0 = Release|Any CPU
		{00B9E34B-CD5F-409B-BAFC-4768FF4B686C}.Ad-Hoc|iPhoneSimulator.Deploy.0 = Release|Any CPU
		{00B9E34B-CD5F-409B-BAFC-4768FF4B686C}.AppStore|Any CPU.ActiveCfg = Release|Any CPU
		{00B9E34B-CD5F-409B-BAFC-4768FF4B686C}.AppStore|Any CPU.Build.0 = Release|Any CPU
		{00B9E34B-CD5F-409B-BAFC-4768FF4B686C}.AppStore|Any CPU.Deploy.0 = Release|Any CPU
		{00B9E34B-CD5F-409B-BAFC-4768FF4B686C}.AppStore|iPhone.ActiveCfg = Release|Any CPU
		{00B9E34B-CD5F-409B-BAFC-4768FF4B686C}.AppStore|iPhone.Build.0 = Release|Any CPU
		{00B9E34B-CD5F-409B-BAFC-4768FF4B686C}.AppStore|iPhone.Deploy.0 = Release|Any CPU
		{00B9E34B-CD5F-409B-BAFC-4768FF4B686C}.AppStore|iPhoneSimulator.ActiveCfg = Release|Any CPU
		{00B9E34B-CD5F-409B-BAFC-4768FF4B686C}.AppStore|iPhoneSimulator.Build.0 = Release|Any CPU
		{00B9E34B-CD5F-409B-BAFC-4768FF4B686C}.AppStore|iPhoneSimulator.Deploy.0 = Release|Any CPU
		{00B9E34B-CD5F-409B-BAFC-4768FF4B686C}.Debug|Any CPU.ActiveCfg = Debug|Any CPU
		{00B9E34B-CD5F-409B-BAFC-4768FF4B686C}.Debug|Any CPU.Build.0 = Debug|Any CPU
		{00B9E34B-CD5F-409B-BAFC-4768FF4B686C}.Debug|Any CPU.Deploy.0 = Debug|Any CPU
		{00B9E34B-CD5F-409B-BAFC-4768FF4B686C}.Debug|iPhone.ActiveCfg = Debug|Any CPU
		{00B9E34B-CD5F-409B-BAFC-4768FF4B686C}.Debug|iPhone.Build.0 = Debug|Any CPU
		{00B9E34B-CD5F-409B-BAFC-4768FF4B686C}.Debug|iPhone.Deploy.0 = Debug|Any CPU
		{00B9E34B-CD5F-409B-BAFC-4768FF4B686C}.Debug|iPhoneSimulator.ActiveCfg = Debug|Any CPU
		{00B9E34B-CD5F-409B-BAFC-4768FF4B686C}.Debug|iPhoneSimulator.Build.0 = Debug|Any CPU
		{00B9E34B-CD5F-409B-BAFC-4768FF4B686C}.Debug|iPhoneSimulator.Deploy.0 = Debug|Any CPU
		{00B9E34B-CD5F-409B-BAFC-4768FF4B686C}.Release|Any CPU.ActiveCfg = Release|Any CPU
		{00B9E34B-CD5F-409B-BAFC-4768FF4B686C}.Release|Any CPU.Build.0 = Release|Any CPU
		{00B9E34B-CD5F-409B-BAFC-4768FF4B686C}.Release|Any CPU.Deploy.0 = Release|Any CPU
		{00B9E34B-CD5F-409B-BAFC-4768FF4B686C}.Release|iPhone.ActiveCfg = Release|Any CPU
		{00B9E34B-CD5F-409B-BAFC-4768FF4B686C}.Release|iPhone.Build.0 = Release|Any CPU
		{00B9E34B-CD5F-409B-BAFC-4768FF4B686C}.Release|iPhone.Deploy.0 = Release|Any CPU
		{00B9E34B-CD5F-409B-BAFC-4768FF4B686C}.Release|iPhoneSimulator.ActiveCfg = Release|Any CPU
		{00B9E34B-CD5F-409B-BAFC-4768FF4B686C}.Release|iPhoneSimulator.Build.0 = Release|Any CPU
		{00B9E34B-CD5F-409B-BAFC-4768FF4B686C}.Release|iPhoneSimulator.Deploy.0 = Release|Any CPU
		{01610E0F-411F-4FF4-885D-671FCB38F485}.Ad-Hoc|Any CPU.ActiveCfg = Ad-Hoc|iPhone
		{01610E0F-411F-4FF4-885D-671FCB38F485}.Ad-Hoc|Any CPU.Build.0 = Ad-Hoc|iPhone
		{01610E0F-411F-4FF4-885D-671FCB38F485}.Ad-Hoc|Any CPU.Deploy.0 = Ad-Hoc|iPhone
		{01610E0F-411F-4FF4-885D-671FCB38F485}.Ad-Hoc|iPhone.ActiveCfg = Ad-Hoc|iPhone
		{01610E0F-411F-4FF4-885D-671FCB38F485}.Ad-Hoc|iPhone.Build.0 = Ad-Hoc|iPhone
		{01610E0F-411F-4FF4-885D-671FCB38F485}.Ad-Hoc|iPhone.Deploy.0 = Ad-Hoc|iPhone
		{01610E0F-411F-4FF4-885D-671FCB38F485}.Ad-Hoc|iPhoneSimulator.ActiveCfg = Ad-Hoc|iPhoneSimulator
		{01610E0F-411F-4FF4-885D-671FCB38F485}.Ad-Hoc|iPhoneSimulator.Build.0 = Ad-Hoc|iPhoneSimulator
		{01610E0F-411F-4FF4-885D-671FCB38F485}.Ad-Hoc|iPhoneSimulator.Deploy.0 = Ad-Hoc|iPhoneSimulator
		{01610E0F-411F-4FF4-885D-671FCB38F485}.AppStore|Any CPU.ActiveCfg = AppStore|iPhone
		{01610E0F-411F-4FF4-885D-671FCB38F485}.AppStore|Any CPU.Build.0 = AppStore|iPhone
		{01610E0F-411F-4FF4-885D-671FCB38F485}.AppStore|Any CPU.Deploy.0 = AppStore|iPhone
		{01610E0F-411F-4FF4-885D-671FCB38F485}.AppStore|iPhone.ActiveCfg = AppStore|iPhone
		{01610E0F-411F-4FF4-885D-671FCB38F485}.AppStore|iPhone.Build.0 = AppStore|iPhone
		{01610E0F-411F-4FF4-885D-671FCB38F485}.AppStore|iPhone.Deploy.0 = AppStore|iPhone
		{01610E0F-411F-4FF4-885D-671FCB38F485}.AppStore|iPhoneSimulator.ActiveCfg = AppStore|iPhoneSimulator
		{01610E0F-411F-4FF4-885D-671FCB38F485}.AppStore|iPhoneSimulator.Build.0 = AppStore|iPhoneSimulator
		{01610E0F-411F-4FF4-885D-671FCB38F485}.AppStore|iPhoneSimulator.Deploy.0 = AppStore|iPhoneSimulator
		{01610E0F-411F-4FF4-885D-671FCB38F485}.Debug|Any CPU.ActiveCfg = Debug|iPhoneSimulator
		{01610E0F-411F-4FF4-885D-671FCB38F485}.Debug|Any CPU.Build.0 = Debug|iPhoneSimulator
		{01610E0F-411F-4FF4-885D-671FCB38F485}.Debug|Any CPU.Deploy.0 = Debug|iPhoneSimulator
		{01610E0F-411F-4FF4-885D-671FCB38F485}.Debug|iPhone.ActiveCfg = Debug|iPhone
		{01610E0F-411F-4FF4-885D-671FCB38F485}.Debug|iPhone.Build.0 = Debug|iPhone
		{01610E0F-411F-4FF4-885D-671FCB38F485}.Debug|iPhone.Deploy.0 = Debug|iPhone
		{01610E0F-411F-4FF4-885D-671FCB38F485}.Debug|iPhoneSimulator.ActiveCfg = Debug|iPhoneSimulator
		{01610E0F-411F-4FF4-885D-671FCB38F485}.Debug|iPhoneSimulator.Build.0 = Debug|iPhoneSimulator
		{01610E0F-411F-4FF4-885D-671FCB38F485}.Debug|iPhoneSimulator.Deploy.0 = Debug|iPhoneSimulator
		{01610E0F-411F-4FF4-885D-671FCB38F485}.Release|Any CPU.ActiveCfg = Release|iPhone
		{01610E0F-411F-4FF4-885D-671FCB38F485}.Release|Any CPU.Build.0 = Release|iPhone
		{01610E0F-411F-4FF4-885D-671FCB38F485}.Release|Any CPU.Deploy.0 = Release|iPhone
		{01610E0F-411F-4FF4-885D-671FCB38F485}.Release|iPhone.ActiveCfg = Release|iPhone
		{01610E0F-411F-4FF4-885D-671FCB38F485}.Release|iPhone.Build.0 = Release|iPhone
		{01610E0F-411F-4FF4-885D-671FCB38F485}.Release|iPhone.Deploy.0 = Release|iPhone
		{01610E0F-411F-4FF4-885D-671FCB38F485}.Release|iPhoneSimulator.ActiveCfg = Release|iPhoneSimulator
		{01610E0F-411F-4FF4-885D-671FCB38F485}.Release|iPhoneSimulator.Build.0 = Release|iPhoneSimulator
		{01610E0F-411F-4FF4-885D-671FCB38F485}.Release|iPhoneSimulator.Deploy.0 = Release|iPhoneSimulator
		{0A4C6E44-BA29-423F-B60F-2B2109B29491}.Ad-Hoc|Any CPU.ActiveCfg = Debug|Any CPU
		{0A4C6E44-BA29-423F-B60F-2B2109B29491}.Ad-Hoc|Any CPU.Build.0 = Debug|Any CPU
		{0A4C6E44-BA29-423F-B60F-2B2109B29491}.Ad-Hoc|Any CPU.Deploy.0 = Debug|Any CPU
		{0A4C6E44-BA29-423F-B60F-2B2109B29491}.Ad-Hoc|iPhone.ActiveCfg = Debug|Any CPU
		{0A4C6E44-BA29-423F-B60F-2B2109B29491}.Ad-Hoc|iPhone.Build.0 = Debug|Any CPU
		{0A4C6E44-BA29-423F-B60F-2B2109B29491}.Ad-Hoc|iPhone.Deploy.0 = Debug|Any CPU
		{0A4C6E44-BA29-423F-B60F-2B2109B29491}.Ad-Hoc|iPhoneSimulator.ActiveCfg = Debug|Any CPU
		{0A4C6E44-BA29-423F-B60F-2B2109B29491}.Ad-Hoc|iPhoneSimulator.Build.0 = Debug|Any CPU
		{0A4C6E44-BA29-423F-B60F-2B2109B29491}.Ad-Hoc|iPhoneSimulator.Deploy.0 = Debug|Any CPU
		{0A4C6E44-BA29-423F-B60F-2B2109B29491}.AppStore|Any CPU.ActiveCfg = Debug|Any CPU
		{0A4C6E44-BA29-423F-B60F-2B2109B29491}.AppStore|Any CPU.Build.0 = Debug|Any CPU
		{0A4C6E44-BA29-423F-B60F-2B2109B29491}.AppStore|Any CPU.Deploy.0 = Debug|Any CPU
		{0A4C6E44-BA29-423F-B60F-2B2109B29491}.AppStore|iPhone.ActiveCfg = Debug|Any CPU
		{0A4C6E44-BA29-423F-B60F-2B2109B29491}.AppStore|iPhone.Build.0 = Debug|Any CPU
		{0A4C6E44-BA29-423F-B60F-2B2109B29491}.AppStore|iPhone.Deploy.0 = Debug|Any CPU
		{0A4C6E44-BA29-423F-B60F-2B2109B29491}.AppStore|iPhoneSimulator.ActiveCfg = Debug|Any CPU
		{0A4C6E44-BA29-423F-B60F-2B2109B29491}.AppStore|iPhoneSimulator.Build.0 = Debug|Any CPU
		{0A4C6E44-BA29-423F-B60F-2B2109B29491}.AppStore|iPhoneSimulator.Deploy.0 = Debug|Any CPU
		{0A4C6E44-BA29-423F-B60F-2B2109B29491}.Debug|Any CPU.ActiveCfg = Debug|Any CPU
		{0A4C6E44-BA29-423F-B60F-2B2109B29491}.Debug|Any CPU.Build.0 = Debug|Any CPU
		{0A4C6E44-BA29-423F-B60F-2B2109B29491}.Debug|Any CPU.Deploy.0 = Debug|Any CPU
		{0A4C6E44-BA29-423F-B60F-2B2109B29491}.Debug|iPhone.ActiveCfg = Debug|Any CPU
		{0A4C6E44-BA29-423F-B60F-2B2109B29491}.Debug|iPhone.Build.0 = Debug|Any CPU
		{0A4C6E44-BA29-423F-B60F-2B2109B29491}.Debug|iPhone.Deploy.0 = Debug|Any CPU
		{0A4C6E44-BA29-423F-B60F-2B2109B29491}.Debug|iPhoneSimulator.ActiveCfg = Debug|Any CPU
		{0A4C6E44-BA29-423F-B60F-2B2109B29491}.Debug|iPhoneSimulator.Build.0 = Debug|Any CPU
		{0A4C6E44-BA29-423F-B60F-2B2109B29491}.Debug|iPhoneSimulator.Deploy.0 = Debug|Any CPU
		{0A4C6E44-BA29-423F-B60F-2B2109B29491}.Release|Any CPU.ActiveCfg = Release|Any CPU
		{0A4C6E44-BA29-423F-B60F-2B2109B29491}.Release|Any CPU.Build.0 = Release|Any CPU
		{0A4C6E44-BA29-423F-B60F-2B2109B29491}.Release|Any CPU.Deploy.0 = Release|Any CPU
		{0A4C6E44-BA29-423F-B60F-2B2109B29491}.Release|iPhone.ActiveCfg = Release|Any CPU
		{0A4C6E44-BA29-423F-B60F-2B2109B29491}.Release|iPhone.Build.0 = Release|Any CPU
		{0A4C6E44-BA29-423F-B60F-2B2109B29491}.Release|iPhone.Deploy.0 = Release|Any CPU
		{0A4C6E44-BA29-423F-B60F-2B2109B29491}.Release|iPhoneSimulator.ActiveCfg = Release|Any CPU
		{0A4C6E44-BA29-423F-B60F-2B2109B29491}.Release|iPhoneSimulator.Build.0 = Release|Any CPU
		{0A4C6E44-BA29-423F-B60F-2B2109B29491}.Release|iPhoneSimulator.Deploy.0 = Release|Any CPU
	EndGlobalSection
	GlobalSection(SolutionProperties) = preSolution
		HideSolutionNode = FALSE
	EndGlobalSection
	GlobalSection(ExtensibilityGlobals) = postSolution
		SolutionGuid = {999D5CD9-B120-4D09-8A6F-52F13044875B}
	EndGlobalSection
EndGlobal
